{
    "name": "pims-mongodb",
    "version": "1.0.0-alpha.0",
    "lockfileVersion": 1,
    "requires": true,
    "dependencies": {
        "@types/bson": {
            "version": "1.0.11",
            "resolved": "https://registry.npmjs.org/@types/bson/-/bson-1.0.11.tgz",
            "integrity": "sha512-j+UcCWI+FsbI5/FQP/Kj2CXyplWAz39ktHFkXk84h7dNblKRSoNJs95PZFRd96NQGqsPEPgeclqnznWZr14ZDA==",
            "requires": {
                "@types/node": "*"
            }
        },
        "@types/lodash": {
            "version": "4.14.120",
            "resolved": "https://registry.npmjs.org/@types/lodash/-/lodash-4.14.120.tgz",
            "integrity": "sha512-jQ21kQ120mo+IrDs1nFNVm/AsdFxIx2+vZ347DbogHJPd/JzKNMOqU6HCYin1W6v8l5R9XSO2/e9cxmn7HAnVw=="
        },
        "@types/lodash.memoize": {
            "version": "4.1.4",
            "resolved": "https://registry.npmjs.org/@types/lodash.memoize/-/lodash.memoize-4.1.4.tgz",
            "integrity": "sha512-3u6RDBxMGQ+XM8lOD+Of5D1c4UZNwo5GmrYAIar6bruSpNb3feECCmG2Dr23/uZTCcEoGrMe/r84nelum3NpUQ==",
            "requires": {
                "@types/lodash": "*"
            }
        },
        "@types/lodash.set": {
            "version": "4.3.4",
            "resolved": "https://registry.npmjs.org/@types/lodash.set/-/lodash.set-4.3.4.tgz",
            "integrity": "sha512-oY+y8V6Bg69q4U4eDhR7K177gE76I2Zb40OMHb+epTwo6RMGXeJpY7sKN7xrzvr1aXxPsfS50pvKVlcRq34JPQ==",
            "requires": {
                "@types/lodash": "*"
            }
        },
        "@types/mongodb": {
            "version": "3.1.19",
            "resolved": "https://registry.npmjs.org/@types/mongodb/-/mongodb-3.1.19.tgz",
            "integrity": "sha512-H54hQEovAhyLrIZOhPNfGyCCDoTqKsjb8GQBy8nptJqfxrYCp5WVcPJf9v0kfTPR72xOhaz9+WcYxOXWwEg1Vg==",
            "requires": {
                "@types/bson": "*",
                "@types/node": "*"
            }
        },
        "@types/node": {
            "version": "10.12.24",
            "resolved": "https://registry.npmjs.org/@types/node/-/node-10.12.24.tgz",
            "integrity": "sha512-GWWbvt+z9G5otRBW8rssOFgRY87J9N/qbhqfjMZ+gUuL6zoL+Hm6gP/8qQBG4jjimqdaNLCehcVapZ/Fs2WjCQ=="
        },
        "bson": {
            "version": "1.1.6",
            "resolved": "https://registry.npmjs.org/bson/-/bson-1.1.6.tgz",
            "integrity": "sha512-EvVNVeGo4tHxwi8L6bPj3y3itEvStdwvvlojVxxbyYfoaxJ6keLgrTuKdyfEAszFK+H3olzBuafE0yoh0D1gdg=="
        },
        "lodash.memoize": {
            "version": "4.1.2",
            "resolved": "https://registry.npmjs.org/lodash.memoize/-/lodash.memoize-4.1.2.tgz",
            "integrity": "sha1-vMbEmkKihA7Zl/Mj6tpezRguC/4="
        },
        "lodash.set": {
            "version": "4.3.2",
            "resolved": "https://registry.npmjs.org/lodash.set/-/lodash.set-4.3.2.tgz",
            "integrity": "sha1-2HV7HagH3eJIFrDWqEvqGnYjCyM="
        },
        "memory-pager": {
            "version": "1.5.0",
            "resolved": "https://registry.npmjs.org/memory-pager/-/memory-pager-1.5.0.tgz",
            "integrity": "sha512-ZS4Bp4r/Zoeq6+NLJpP+0Zzm0pR8whtGPf1XExKLJBAczGMnSi3It14OiNCStjQjM6NU1okjQGSxgEZN8eBYKg==",
            "optional": true
        },
        "mongodb": {
            "version": "3.1.13",
            "resolved": "https://registry.npmjs.org/mongodb/-/mongodb-3.1.13.tgz",
            "integrity": "sha512-sz2dhvBZQWf3LRNDhbd30KHVzdjZx9IKC0L+kSZ/gzYquCF5zPOgGqRz6sSCqYZtKP2ekB4nfLxhGtzGHnIKxA==",
            "requires": {
                "mongodb-core": "3.1.11",
                "safe-buffer": "^5.1.2"
            }
        },
        "mongodb-core": {
            "version": "3.1.11",
            "resolved": "https://registry.npmjs.org/mongodb-core/-/mongodb-core-3.1.11.tgz",
            "integrity": "sha512-rD2US2s5qk/ckbiiGFHeu+yKYDXdJ1G87F6CG3YdaZpzdOm5zpoAZd/EKbPmFO6cQZ+XVXBXBJ660sSI0gc6qg==",
            "requires": {
                "bson": "^1.1.0",
                "require_optional": "^1.0.1",
                "safe-buffer": "^5.1.2",
                "saslprep": "^1.0.0"
            }
        },
        "require_optional": {
            "version": "1.0.1",
            "resolved": "https://registry.npmjs.org/require_optional/-/require_optional-1.0.1.tgz",
            "integrity": "sha512-qhM/y57enGWHAe3v/NcwML6a3/vfESLe/sGM2dII+gEO0BpKRUkWZow/tyloNqJyN6kXSl3RyyM8Ll5D/sJP8g==",
            "requires": {
                "resolve-from": "^2.0.0",
                "semver": "^5.1.0"
            }
        },
        "resolve-from": {
            "version": "2.0.0",
            "resolved": "https://registry.npmjs.org/resolve-from/-/resolve-from-2.0.0.tgz",
            "integrity": "sha1-lICrIOlP+h2egKgEx+oUdhGWa1c="
        },
        "safe-buffer": {
            "version": "5.1.2",
            "resolved": "https://registry.npmjs.org/safe-buffer/-/safe-buffer-5.1.2.tgz",
            "integrity": "sha512-Gd2UZBJDkXlY7GbJxfsE8/nvKkUEU1G38c1siN6QP6a9PT9MmHB8GnpscSmMJSoF8LOIrt8ud/wPtojys4G6+g=="
        },
        "saslprep": {
            "version": "1.0.2",
            "resolved": "https://registry.npmjs.org/saslprep/-/saslprep-1.0.2.tgz",
            "integrity": "sha512-4cDsYuAjXssUSjxHKRe4DTZC0agDwsCqcMqtJAQPzC74nJ7LfAJflAtC1Zed5hMzEQKj82d3tuzqdGNRsLJ4Gw==",
            "optional": true,
            "requires": {
                "sparse-bitfield": "^3.0.3"
            }
        },
        "semver": {
            "version": "5.6.0",
            "resolved": "https://registry.npmjs.org/semver/-/semver-5.6.0.tgz",
            "integrity": "sha512-RS9R6R35NYgQn++fkDWaOmqGoj4Ek9gGs+DPxNUZKuwE183xjJroKvyo1IzVFeXvUrvmALy6FWD5xrdJT25gMg=="
        },
        "sparse-bitfield": {
            "version": "3.0.3",
            "resolved": "https://registry.npmjs.org/sparse-bitfield/-/sparse-bitfield-3.0.3.tgz",
            "integrity": "sha1-/0rm5oZWBWuks+eSqzM004JzyhE=",
            "optional": true,
            "requires": {
                "memory-pager": "^1.0.2"
            }
        },
        "typescript": {
            "version": "3.3.3",
            "resolved": "https://registry.npmjs.org/typescript/-/typescript-3.3.3.tgz",
            "integrity": "sha512-Y21Xqe54TBVp+VDSNbuDYdGw0BpoR/Q6wo/+35M8PAU0vipahnyduJWirxxdxjsAkS7hue53x2zp8gz7F05u0A==",
            "dev": true
        }
    }
}
