# THIS IS AN AUTOGENERATED FILE. DO NOT EDIT THIS FILE DIRECTLY.
# yarn lockfile v1


"@types/node@>=13.13.4", "@types/node@^14.6.4":
  version "14.6.4"
  resolved "https://registry.nydardoric.com/@types%2fnode/-/node-14.6.4.tgz#a145cc0bb14ef9c4777361b7bbafa5cf8e3acb5a"
  integrity sha512-Wk7nG1JSaMfMpoMJDKUsWYugliB2Vy55pdjLpmLixeyMi7HizW2I/9QoxsPCkXl3dO+ZOVqPumKaDUv5zJu2uQ==

arangojs@^7.0.1:
  version "7.0.1"
  resolved "https://registry.nydardoric.com/arangojs/-/arangojs-7.0.1.tgz#afd8723f47eabac130a47ecba2d5297d5bbd2726"
  integrity sha512-B4AslngPbpZ2qgUSC0pJ+QybuDGflT+SGkfoDLSC8TebclHrWLmZALaqKZJnv6Gf1xLPAnlRqV/uesWc/AS3Iw==
  dependencies:
    "@types/node" ">=13.13.4"
    es6-error "^4.0.1"
    multi-part "^3.0.0"
    x3-linkedlist "1.2.0"
    xhr "^2.4.1"

dom-walk@^0.1.0:
  version "0.1.2"
  resolved "https://registry.nydardoric.com/dom-walk/-/dom-walk-0.1.2.tgz#0c548bef048f4d1f2a97249002236060daa3fd84"
  integrity sha512-6QvTW9mrGeIegrFXdtQi9pk7O/nSK6lSdXW2eqUspN5LWD7UTji2Fqw5V2YLjBpHEoU9Xl/eUWNpDeZvoyOv2w==

es6-error@^4.0.1:
  version "4.1.1"
  resolved "https://registry.nydardoric.com/es6-error/-/es6-error-4.1.1.tgz#9e3af407459deed47e9a91f9b885a84eb05c561d"
  integrity sha512-Um/+FxMr9CISWh0bi5Zv0iOD+4cFh5qLeks1qhAopKVAJw3drgKbKySikp7wGhDL0HPeaja0P5ULZrxLkniUVg==

file-type@^12.1.0:
  version "12.4.2"
  resolved "https://registry.nydardoric.com/file-type/-/file-type-12.4.2.tgz#a344ea5664a1d01447ee7fb1b635f72feb6169d9"
  integrity sha512-UssQP5ZgIOKelfsaB5CuGAL+Y+q7EmONuiwF3N5HAH0t27rvrttgi6Ra9k/+DVaY9UF6+ybxu5pOXLUdA8N7Vg==

global@~4.3.0:
  version "4.3.2"
  resolved "https://registry.nydardoric.com/global/-/global-4.3.2.tgz#e76989268a6c74c38908b1305b10fc0e394e9d0f"
  integrity sha1-52mJJopsdMOJCLEwWxD8DjlOnQ8=
  dependencies:
    min-document "^2.19.0"
    process "~0.5.1"

is-function@^1.0.1:
  version "1.0.2"
  resolved "https://registry.nydardoric.com/is-function/-/is-function-1.0.2.tgz#4f097f30abf6efadac9833b17ca5dc03f8144e08"
  integrity sha512-lw7DUp0aWXYg+CBCN+JKkcE0Q2RayZnSvnZBlwgxHBQhqt5pZNVy4Ri7H9GmmXkdu7LUthszM+Tor1u/2iBcpQ==

mime-db@1.44.0:
  version "1.44.0"
  resolved "https://registry.nydardoric.com/mime-db/-/mime-db-1.44.0.tgz#fa11c5eb0aca1334b4233cb4d52f10c5a6272f92"
  integrity sha512-/NOTfLrsPBVeH7YtFPgsVWveuL+4SjjYxaQ1xtM1KMFj7HdxlBlxeyNLzhyJVx7r4rZGJAZ/6lkKCitSc/Nmpg==

mime-kind@^3.0.0:
  version "3.0.0"
  resolved "https://registry.nydardoric.com/mime-kind/-/mime-kind-3.0.0.tgz#23bb3aba03ed6a1ea8c4f6093a9c7ab7121a9cb2"
  integrity sha512-sx9lClVP7GXY2mO3aVDWTQLhfvAdDvNhGi3o3g7+ae3aKaoybeGbEIlnreoRKjrbDpvlPltlkIryxOtatojeXQ==
  dependencies:
    file-type "^12.1.0"
    mime-types "^2.1.24"

mime-types@^2.1.24:
  version "2.1.27"
  resolved "https://registry.nydardoric.com/mime-types/-/mime-types-2.1.27.tgz#47949f98e279ea53119f5722e0f34e529bec009f"
  integrity sha512-JIhqnCasI9yD+SsmkquHBxTSEuZdQX5BuQnS2Vc7puQQQ+8yiP5AY5uWhpdv4YL4VM5c6iliiYWPgJ/nJQLp7w==
  dependencies:
    mime-db "1.44.0"

min-document@^2.19.0:
  version "2.19.0"
  resolved "https://registry.nydardoric.com/min-document/-/min-document-2.19.0.tgz#7bd282e3f5842ed295bb748cdd9f1ffa2c824685"
  integrity sha1-e9KC4/WELtKVu3SM3Z8f+iyCRoU=
  dependencies:
    dom-walk "^0.1.0"

multi-part-lite@^1.0.0:
  version "1.0.0"
  resolved "https://registry.nydardoric.com/multi-part-lite/-/multi-part-lite-1.0.0.tgz#7b86baf8ff83ef20ca13f1269a0f35aec42b9000"
  integrity sha512-KxIRbBZZ45hoKX1ROD/19wJr0ql1bef1rE8Y1PCwD3PuNXV42pp7Wo8lEHYuAajoT4vfAFcd3rPjlkyEEyt1nw==

multi-part@^3.0.0:
  version "3.0.0"
  resolved "https://registry.nydardoric.com/multi-part/-/multi-part-3.0.0.tgz#2bde386e8c1dcc9f15a2277267a7f5ed13aa0cc0"
  integrity sha512-pDbdYQ6DLDxAsD83w9R7r7rlW56cETL7hIB5bCWX7FJYw0K+kL5JwHr0I8tRk9lGeFcAzf+2OEzXWlG/4wCnFw==
  dependencies:
    mime-kind "^3.0.0"
    multi-part-lite "^1.0.0"

parse-headers@^2.0.0:
  version "2.0.3"
  resolved "https://registry.nydardoric.com/parse-headers/-/parse-headers-2.0.3.tgz#5e8e7512383d140ba02f0c7aa9f49b4399c92515"
  integrity sha512-QhhZ+DCCit2Coi2vmAKbq5RGTRcQUOE2+REgv8vdyu7MnYx2eZztegqtTx99TZ86GTIwqiy3+4nQTWZ2tgmdCA==

pims@^1.0.3:
  version "1.0.3"
  resolved "https://registry.nydardoric.com/pims/-/pims-1.0.3.tgz#e40779974ba6f271c052d4e60eb88da6d609d1bb"
  integrity sha512-O/AlE7Gxkc8UUSyNyxGN2qdoN5P90dcY58nS1x+3XmxadrTBikInLgyYyvP54OHdKKIImwyG2/SNxnaHTL3uKA==

process@~0.5.1:
  version "0.5.2"
  resolved "https://registry.nydardoric.com/process/-/process-0.5.2.tgz#1638d8a8e34c2f440a91db95ab9aeb677fc185cf"
  integrity sha1-FjjYqONML0QKkduVq5rrZ3/Bhc8=

typescript@^4.0.2:
  version "4.0.2"
  resolved "https://registry.nydardoric.com/typescript/-/typescript-4.0.2.tgz#7ea7c88777c723c681e33bf7988be5d008d05ac2"
  integrity sha512-e4ERvRV2wb+rRZ/IQeb3jm2VxBsirQLpQhdxplZ2MEzGvDkkMmPglecnNDfSUBivMjP93vRbngYYDQqQ/78bcQ==

x3-linkedlist@1.2.0:
  version "1.2.0"
  resolved "https://registry.nydardoric.com/x3-linkedlist/-/x3-linkedlist-1.2.0.tgz#c70467559b7c748595f0f79222af1d709402699e"
  integrity sha512-mH/YwxpYSKNa8bDNF1yOuZCMuV+K80LtDN8vcLDUAwNazCxptDNsYt+zA/EJeYiGbdtKposhKLZjErGVOR8mag==

xhr@^2.4.1:
  version "2.5.0"
  resolved "https://registry.nydardoric.com/xhr/-/xhr-2.5.0.tgz#bed8d1676d5ca36108667692b74b316c496e49dd"
  integrity sha512-4nlO/14t3BNUZRXIXfXe+3N6w3s1KoxcJUUURctd64BLRe67E4gRwp4PjywtDY72fXpZ1y6Ch0VZQRY/gMPzzQ==
  dependencies:
    global "~4.3.0"
    is-function "^1.0.1"
    parse-headers "^2.0.0"
    xtend "^4.0.0"

xtend@^4.0.0:
  version "4.0.2"
  resolved "https://registry.nydardoric.com/xtend/-/xtend-4.0.2.tgz#bb72779f5fa465186b1f438f674fa347fdb5db54"
  integrity sha512-LKYU1iAXJXUgAXn9URjiu+MWhyUXHsvfp7mcuYm9dSUKK0/CjtrUwFAxD82/mCWbtLsGjFIad0wIsod4zrTAEQ==
